// !$*UTF8*$!
{
	archiveVersion = 1;
	classes = {
	};
	objectVersion = 50;
	objects = {

/* Begin PBXBuildFile section */
		506A02BA2448055C0009BD2E /* Loading.swift in Sources */ = {isa = PBXBuildFile; fileRef = 506A02B92448055C0009BD2E /* Loading.swift */; };
		506A02BC244816620009BD2E /* AuthManager.swift in Sources */ = {isa = PBXBuildFile; fileRef = 506A02BB244816620009BD2E /* AuthManager.swift */; };
		50E7E623244657520092D942 /* AppDelegate.swift in Sources */ = {isa = PBXBuildFile; fileRef = 50E7E622244657520092D942 /* AppDelegate.swift */; };
		50E7E625244657520092D942 /* SceneDelegate.swift in Sources */ = {isa = PBXBuildFile; fileRef = 50E7E624244657520092D942 /* SceneDelegate.swift */; };
		50E7E62D244657520092D942 /* Instafit.xcdatamodeld in Sources */ = {isa = PBXBuildFile; fileRef = 50E7E62B244657520092D942 /* Instafit.xcdatamodeld */; };
		50E7E62F244657530092D942 /* Assets.xcassets in Resources */ = {isa = PBXBuildFile; fileRef = 50E7E62E244657530092D942 /* Assets.xcassets */; };
		50E7E632244657530092D942 /* LaunchScreen.storyboard in Resources */ = {isa = PBXBuildFile; fileRef = 50E7E630244657530092D942 /* LaunchScreen.storyboard */; };
		50E7E63D244657540092D942 /* InstafitTests.swift in Sources */ = {isa = PBXBuildFile; fileRef = 50E7E63C244657540092D942 /* InstafitTests.swift */; };
		50E7E648244657540092D942 /* InstafitUITests.swift in Sources */ = {isa = PBXBuildFile; fileRef = 50E7E647244657540092D942 /* InstafitUITests.swift */; };
		50E7E656244657AC0092D942 /* LoginViewController.swift in Sources */ = {isa = PBXBuildFile; fileRef = 50E7E655244657AC0092D942 /* LoginViewController.swift */; };
		50E7E658244667F20092D942 /* Extensions.swift in Sources */ = {isa = PBXBuildFile; fileRef = 50E7E657244667F20092D942 /* Extensions.swift */; };
		50E7E65A2446A1B30092D942 /* Constants.swift in Sources */ = {isa = PBXBuildFile; fileRef = 50E7E6592446A1B30092D942 /* Constants.swift */; };
		50E7E6612446B7780092D942 /* LoginPresenter.swift in Sources */ = {isa = PBXBuildFile; fileRef = 50E7E6602446B7780092D942 /* LoginPresenter.swift */; };
		50E7E6632446B7830092D942 /* LoginRouter.swift in Sources */ = {isa = PBXBuildFile; fileRef = 50E7E6622446B7830092D942 /* LoginRouter.swift */; };
		50E7E6652446B78E0092D942 /* LoginInteractor.swift in Sources */ = {isa = PBXBuildFile; fileRef = 50E7E6642446B78E0092D942 /* LoginInteractor.swift */; };
		50E7E6672446B7A40092D942 /* LoginProtocol.swift in Sources */ = {isa = PBXBuildFile; fileRef = 50E7E6662446B7A40092D942 /* LoginProtocol.swift */; };
		50E7E6692446B7DB0092D942 /* LoginWireFrame.swift in Sources */ = {isa = PBXBuildFile; fileRef = 50E7E6682446B7DB0092D942 /* LoginWireFrame.swift */; };
		50E7E66B2446B83B0092D942 /* LoginDataManager.swift in Sources */ = {isa = PBXBuildFile; fileRef = 50E7E66A2446B83B0092D942 /* LoginDataManager.swift */; };
		50E7E66D2446B8490092D942 /* HomeViewController.swift in Sources */ = {isa = PBXBuildFile; fileRef = 50E7E66C2446B8490092D942 /* HomeViewController.swift */; };
		50E7E66F2446B85A0092D942 /* HomePresenter.swift in Sources */ = {isa = PBXBuildFile; fileRef = 50E7E66E2446B85A0092D942 /* HomePresenter.swift */; };
		50E7E6712446B86C0092D942 /* HomeInteractor.swift in Sources */ = {isa = PBXBuildFile; fileRef = 50E7E6702446B86C0092D942 /* HomeInteractor.swift */; };
		50E7E6732446B87A0092D942 /* HomeRouter.swift in Sources */ = {isa = PBXBuildFile; fileRef = 50E7E6722446B87A0092D942 /* HomeRouter.swift */; };
		50E7E6752446B8840092D942 /* HomeProtocol.swift in Sources */ = {isa = PBXBuildFile; fileRef = 50E7E6742446B8840092D942 /* HomeProtocol.swift */; };
		50E7E6772446B8910092D942 /* HomeWireFrame.swift in Sources */ = {isa = PBXBuildFile; fileRef = 50E7E6762446B8910092D942 /* HomeWireFrame.swift */; };
		50E7E6792446B8A10092D942 /* HomeDataManager.swift in Sources */ = {isa = PBXBuildFile; fileRef = 50E7E6782446B8A10092D942 /* HomeDataManager.swift */; };
		50E7E67C2446B8D70092D942 /* ShadowView.swift in Sources */ = {isa = PBXBuildFile; fileRef = 50E7E67B2446B8D70092D942 /* ShadowView.swift */; };
		50E7E67E2446B9440092D942 /* LoginConfigurator.swift in Sources */ = {isa = PBXBuildFile; fileRef = 50E7E67D2446B9440092D942 /* LoginConfigurator.swift */; };
		50E7E6802446B9580092D942 /* HomeConfigurator.swift in Sources */ = {isa = PBXBuildFile; fileRef = 50E7E67F2446B9580092D942 /* HomeConfigurator.swift */; };
		50E7E6822447FB280092D942 /* Utils.swift in Sources */ = {isa = PBXBuildFile; fileRef = 50E7E6812447FB280092D942 /* Utils.swift */; };
/* End PBXBuildFile section */

/* Begin PBXContainerItemProxy section */
		50E7E639244657540092D942 /* PBXContainerItemProxy */ = {
			isa = PBXContainerItemProxy;
			containerPortal = 50E7E617244657520092D942 /* Project object */;
			proxyType = 1;
			remoteGlobalIDString = 50E7E61E244657520092D942;
			remoteInfo = Instafit;
		};
		50E7E644244657540092D942 /* PBXContainerItemProxy */ = {
			isa = PBXContainerItemProxy;
			containerPortal = 50E7E617244657520092D942 /* Project object */;
			proxyType = 1;
			remoteGlobalIDString = 50E7E61E244657520092D942;
			remoteInfo = Instafit;
		};
/* End PBXContainerItemProxy section */

/* Begin PBXFileReference section */
		506A02B92448055C0009BD2E /* Loading.swift */ = {isa = PBXFileReference; lastKnownFileType = sourcecode.swift; path = Loading.swift; sourceTree = "<group>"; };
		506A02BB244816620009BD2E /* AuthManager.swift */ = {isa = PBXFileReference; lastKnownFileType = sourcecode.swift; path = AuthManager.swift; sourceTree = "<group>"; };
		50E7E61F244657520092D942 /* Instafit.app */ = {isa = PBXFileReference; explicitFileType = wrapper.application; includeInIndex = 0; path = Instafit.app; sourceTree = BUILT_PRODUCTS_DIR; };
		50E7E622244657520092D942 /* AppDelegate.swift */ = {isa = PBXFileReference; lastKnownFileType = sourcecode.swift; path = AppDelegate.swift; sourceTree = "<group>"; };
		50E7E624244657520092D942 /* SceneDelegate.swift */ = {isa = PBXFileReference; lastKnownFileType = sourcecode.swift; path = SceneDelegate.swift; sourceTree = "<group>"; };
		50E7E62C244657520092D942 /* Instafit.xcdatamodel */ = {isa = PBXFileReference; lastKnownFileType = wrapper.xcdatamodel; path = Instafit.xcdatamodel; sourceTree = "<group>"; };
		50E7E62E244657530092D942 /* Assets.xcassets */ = {isa = PBXFileReference; lastKnownFileType = folder.assetcatalog; path = Assets.xcassets; sourceTree = "<group>"; };
		50E7E631244657530092D942 /* Base */ = {isa = PBXFileReference; lastKnownFileType = file.storyboard; name = Base; path = Base.lproj/LaunchScreen.storyboard; sourceTree = "<group>"; };
		50E7E633244657530092D942 /* Info.plist */ = {isa = PBXFileReference; lastKnownFileType = text.plist.xml; path = Info.plist; sourceTree = "<group>"; };
		50E7E638244657540092D942 /* InstafitTests.xctest */ = {isa = PBXFileReference; explicitFileType = wrapper.cfbundle; includeInIndex = 0; path = InstafitTests.xctest; sourceTree = BUILT_PRODUCTS_DIR; };
		50E7E63C244657540092D942 /* InstafitTests.swift */ = {isa = PBXFileReference; lastKnownFileType = sourcecode.swift; path = InstafitTests.swift; sourceTree = "<group>"; };
		50E7E63E244657540092D942 /* Info.plist */ = {isa = PBXFileReference; lastKnownFileType = text.plist.xml; path = Info.plist; sourceTree = "<group>"; };
		50E7E643244657540092D942 /* InstafitUITests.xctest */ = {isa = PBXFileReference; explicitFileType = wrapper.cfbundle; includeInIndex = 0; path = InstafitUITests.xctest; sourceTree = BUILT_PRODUCTS_DIR; };
		50E7E647244657540092D942 /* InstafitUITests.swift */ = {isa = PBXFileReference; lastKnownFileType = sourcecode.swift; path = InstafitUITests.swift; sourceTree = "<group>"; };
		50E7E649244657540092D942 /* Info.plist */ = {isa = PBXFileReference; lastKnownFileType = text.plist.xml; path = Info.plist; sourceTree = "<group>"; };
		50E7E655244657AC0092D942 /* LoginViewController.swift */ = {isa = PBXFileReference; lastKnownFileType = sourcecode.swift; path = LoginViewController.swift; sourceTree = "<group>"; };
		50E7E657244667F20092D942 /* Extensions.swift */ = {isa = PBXFileReference; lastKnownFileType = sourcecode.swift; path = Extensions.swift; sourceTree = "<group>"; };
		50E7E6592446A1B30092D942 /* Constants.swift */ = {isa = PBXFileReference; lastKnownFileType = sourcecode.swift; path = Constants.swift; sourceTree = "<group>"; };
		50E7E6602446B7780092D942 /* LoginPresenter.swift */ = {isa = PBXFileReference; lastKnownFileType = sourcecode.swift; path = LoginPresenter.swift; sourceTree = "<group>"; };
		50E7E6622446B7830092D942 /* LoginRouter.swift */ = {isa = PBXFileReference; lastKnownFileType = sourcecode.swift; path = LoginRouter.swift; sourceTree = "<group>"; };
		50E7E6642446B78E0092D942 /* LoginInteractor.swift */ = {isa = PBXFileReference; lastKnownFileType = sourcecode.swift; path = LoginInteractor.swift; sourceTree = "<group>"; };
		50E7E6662446B7A40092D942 /* LoginProtocol.swift */ = {isa = PBXFileReference; lastKnownFileType = sourcecode.swift; path = LoginProtocol.swift; sourceTree = "<group>"; };
		50E7E6682446B7DB0092D942 /* LoginWireFrame.swift */ = {isa = PBXFileReference; lastKnownFileType = sourcecode.swift; path = LoginWireFrame.swift; sourceTree = "<group>"; };
		50E7E66A2446B83B0092D942 /* LoginDataManager.swift */ = {isa = PBXFileReference; lastKnownFileType = sourcecode.swift; path = LoginDataManager.swift; sourceTree = "<group>"; };
		50E7E66C2446B8490092D942 /* HomeViewController.swift */ = {isa = PBXFileReference; lastKnownFileType = sourcecode.swift; path = HomeViewController.swift; sourceTree = "<group>"; };
		50E7E66E2446B85A0092D942 /* HomePresenter.swift */ = {isa = PBXFileReference; lastKnownFileType = sourcecode.swift; path = HomePresenter.swift; sourceTree = "<group>"; };
		50E7E6702446B86C0092D942 /* HomeInteractor.swift */ = {isa = PBXFileReference; lastKnownFileType = sourcecode.swift; path = HomeInteractor.swift; sourceTree = "<group>"; };
		50E7E6722446B87A0092D942 /* HomeRouter.swift */ = {isa = PBXFileReference; lastKnownFileType = sourcecode.swift; path = HomeRouter.swift; sourceTree = "<group>"; };
		50E7E6742446B8840092D942 /* HomeProtocol.swift */ = {isa = PBXFileReference; lastKnownFileType = sourcecode.swift; path = HomeProtocol.swift; sourceTree = "<group>"; };
		50E7E6762446B8910092D942 /* HomeWireFrame.swift */ = {isa = PBXFileReference; lastKnownFileType = sourcecode.swift; path = HomeWireFrame.swift; sourceTree = "<group>"; };
		50E7E6782446B8A10092D942 /* HomeDataManager.swift */ = {isa = PBXFileReference; lastKnownFileType = sourcecode.swift; path = HomeDataManager.swift; sourceTree = "<group>"; };
		50E7E67B2446B8D70092D942 /* ShadowView.swift */ = {isa = PBXFileReference; lastKnownFileType = sourcecode.swift; path = ShadowView.swift; sourceTree = "<group>"; };
		50E7E67D2446B9440092D942 /* LoginConfigurator.swift */ = {isa = PBXFileReference; lastKnownFileType = sourcecode.swift; path = LoginConfigurator.swift; sourceTree = "<group>"; };
		50E7E67F2446B9580092D942 /* HomeConfigurator.swift */ = {isa = PBXFileReference; lastKnownFileType = sourcecode.swift; path = HomeConfigurator.swift; sourceTree = "<group>"; };
		50E7E6812447FB280092D942 /* Utils.swift */ = {isa = PBXFileReference; lastKnownFileType = sourcecode.swift; path = Utils.swift; sourceTree = "<group>"; };
/* End PBXFileReference section */

/* Begin PBXFrameworksBuildPhase section */
		50E7E61C244657520092D942 /* Frameworks */ = {
			isa = PBXFrameworksBuildPhase;
			buildActionMask = 2147483647;
			files = (
			);
			runOnlyForDeploymentPostprocessing = 0;
		};
		50E7E635244657540092D942 /* Frameworks */ = {
			isa = PBXFrameworksBuildPhase;
			buildActionMask = 2147483647;
			files = (
			);
			runOnlyForDeploymentPostprocessing = 0;
		};
		50E7E640244657540092D942 /* Frameworks */ = {
			isa = PBXFrameworksBuildPhase;
			buildActionMask = 2147483647;
			files = (
			);
			runOnlyForDeploymentPostprocessing = 0;
		};
/* End PBXFrameworksBuildPhase section */

/* Begin PBXGroup section */
		506A02BD244816660009BD2E /* Managers */ = {
			isa = PBXGroup;
			children = (
				506A02BB244816620009BD2E /* AuthManager.swift */,
			);
			path = Managers;
			sourceTree = "<group>";
		};
		50E7E616244657520092D942 = {
			isa = PBXGroup;
			children = (
				50E7E621244657520092D942 /* Instafit */,
				50E7E63B244657540092D942 /* InstafitTests */,
				50E7E646244657540092D942 /* InstafitUITests */,
				50E7E620244657520092D942 /* Products */,
			);
			sourceTree = "<group>";
		};
		50E7E620244657520092D942 /* Products */ = {
			isa = PBXGroup;
			children = (
				50E7E61F244657520092D942 /* Instafit.app */,
				50E7E638244657540092D942 /* InstafitTests.xctest */,
				50E7E643244657540092D942 /* InstafitUITests.xctest */,
			);
			name = Products;
			sourceTree = "<group>";
		};
		50E7E621244657520092D942 /* Instafit */ = {
			isa = PBXGroup;
			children = (
				50E7E622244657520092D942 /* AppDelegate.swift */,
				50E7E624244657520092D942 /* SceneDelegate.swift */,
				50E7E62E244657530092D942 /* Assets.xcassets */,
				50E7E65B2446B72F0092D942 /* Presentation */,
				50E7E630244657530092D942 /* LaunchScreen.storyboard */,
				50E7E633244657530092D942 /* Info.plist */,
				50E7E62B244657520092D942 /* Instafit.xcdatamodeld */,
			);
			path = Instafit;
			sourceTree = "<group>";
		};
		50E7E63B244657540092D942 /* InstafitTests */ = {
			isa = PBXGroup;
			children = (
				50E7E63C244657540092D942 /* InstafitTests.swift */,
				50E7E63E244657540092D942 /* Info.plist */,
			);
			path = InstafitTests;
			sourceTree = "<group>";
		};
		50E7E646244657540092D942 /* InstafitUITests */ = {
			isa = PBXGroup;
			children = (
				50E7E647244657540092D942 /* InstafitUITests.swift */,
				50E7E649244657540092D942 /* Info.plist */,
			);
			path = InstafitUITests;
			sourceTree = "<group>";
		};
		50E7E65B2446B72F0092D942 /* Presentation */ = {
			isa = PBXGroup;
			children = (
				50E7E65D2446B7570092D942 /* Scenes */,
				50E7E65C2446B7390092D942 /* Common */,
			);
			path = Presentation;
			sourceTree = "<group>";
		};
		50E7E65C2446B7390092D942 /* Common */ = {
			isa = PBXGroup;
			children = (
				506A02BD244816660009BD2E /* Managers */,
				50E7E67A2446B8C30092D942 /* CustomClass */,
				50E7E6592446A1B30092D942 /* Constants.swift */,
				50E7E657244667F20092D942 /* Extensions.swift */,
				50E7E6812447FB280092D942 /* Utils.swift */,
			);
			path = Common;
			sourceTree = "<group>";
		};
		50E7E65D2446B7570092D942 /* Scenes */ = {
			isa = PBXGroup;
			children = (
				50E7E65E2446B7610092D942 /* Login */,
				50E7E65F2446B7670092D942 /* Home */,
			);
			path = Scenes;
			sourceTree = "<group>";
		};
		50E7E65E2446B7610092D942 /* Login */ = {
			isa = PBXGroup;
			children = (
				50E7E655244657AC0092D942 /* LoginViewController.swift */,
				50E7E6602446B7780092D942 /* LoginPresenter.swift */,
				50E7E6622446B7830092D942 /* LoginRouter.swift */,
				50E7E6642446B78E0092D942 /* LoginInteractor.swift */,
				50E7E6662446B7A40092D942 /* LoginProtocol.swift */,
				50E7E6682446B7DB0092D942 /* LoginWireFrame.swift */,
				50E7E66A2446B83B0092D942 /* LoginDataManager.swift */,
				50E7E67D2446B9440092D942 /* LoginConfigurator.swift */,
			);
			path = Login;
			sourceTree = "<group>";
		};
		50E7E65F2446B7670092D942 /* Home */ = {
			isa = PBXGroup;
			children = (
				50E7E66C2446B8490092D942 /* HomeViewController.swift */,
				50E7E66E2446B85A0092D942 /* HomePresenter.swift */,
				50E7E6722446B87A0092D942 /* HomeRouter.swift */,
				50E7E6702446B86C0092D942 /* HomeInteractor.swift */,
				50E7E6742446B8840092D942 /* HomeProtocol.swift */,
				50E7E6762446B8910092D942 /* HomeWireFrame.swift */,
				50E7E6782446B8A10092D942 /* HomeDataManager.swift */,
				50E7E67F2446B9580092D942 /* HomeConfigurator.swift */,
			);
			path = Home;
			sourceTree = "<group>";
		};
		50E7E67A2446B8C30092D942 /* CustomClass */ = {
			isa = PBXGroup;
			children = (
				50E7E67B2446B8D70092D942 /* ShadowView.swift */,
				506A02B92448055C0009BD2E /* Loading.swift */,
			);
			path = CustomClass;
			sourceTree = "<group>";
		};
/* End PBXGroup section */

/* Begin PBXNativeTarget section */
		50E7E61E244657520092D942 /* Instafit */ = {
			isa = PBXNativeTarget;
			buildConfigurationList = 50E7E64C244657540092D942 /* Build configuration list for PBXNativeTarget "Instafit" */;
			buildPhases = (
				50E7E61B244657520092D942 /* Sources */,
				50E7E61C244657520092D942 /* Frameworks */,
				50E7E61D244657520092D942 /* Resources */,
			);
			buildRules = (
			);
			dependencies = (
			);
			name = Instafit;
			productName = Instafit;
			productReference = 50E7E61F244657520092D942 /* Instafit.app */;
			productType = "com.apple.product-type.application";
		};
		50E7E637244657540092D942 /* InstafitTests */ = {
			isa = PBXNativeTarget;
			buildConfigurationList = 50E7E64F244657540092D942 /* Build configuration list for PBXNativeTarget "InstafitTests" */;
			buildPhases = (
				50E7E634244657540092D942 /* Sources */,
				50E7E635244657540092D942 /* Frameworks */,
				50E7E636244657540092D942 /* Resources */,
			);
			buildRules = (
			);
			dependencies = (
				50E7E63A244657540092D942 /* PBXTargetDependency */,
			);
			name = InstafitTests;
			productName = InstafitTests;
			productReference = 50E7E638244657540092D942 /* InstafitTests.xctest */;
			productType = "com.apple.product-type.bundle.unit-test";
		};
		50E7E642244657540092D942 /* InstafitUITests */ = {
			isa = PBXNativeTarget;
			buildConfigurationList = 50E7E652244657540092D942 /* Build configuration list for PBXNativeTarget "InstafitUITests" */;
			buildPhases = (
				50E7E63F244657540092D942 /* Sources */,
				50E7E640244657540092D942 /* Frameworks */,
				50E7E641244657540092D942 /* Resources */,
			);
			buildRules = (
			);
			dependencies = (
				50E7E645244657540092D942 /* PBXTargetDependency */,
			);
			name = InstafitUITests;
			productName = InstafitUITests;
			productReference = 50E7E643244657540092D942 /* InstafitUITests.xctest */;
			productType = "com.apple.product-type.bundle.ui-testing";
		};
/* End PBXNativeTarget section */

/* Begin PBXProject section */
		50E7E617244657520092D942 /* Project object */ = {
			isa = PBXProject;
			attributes = {
				LastSwiftUpdateCheck = 1140;
				LastUpgradeCheck = 1140;
				ORGANIZATIONNAME = "Jordan Capa";
				TargetAttributes = {
					50E7E61E244657520092D942 = {
						CreatedOnToolsVersion = 11.4;
					};
					50E7E637244657540092D942 = {
						CreatedOnToolsVersion = 11.4;
						TestTargetID = 50E7E61E244657520092D942;
					};
					50E7E642244657540092D942 = {
						CreatedOnToolsVersion = 11.4;
						TestTargetID = 50E7E61E244657520092D942;
					};
				};
			};
			buildConfigurationList = 50E7E61A244657520092D942 /* Build configuration list for PBXProject "Instafit" */;
			compatibilityVersion = "Xcode 9.3";
			developmentRegion = en;
			hasScannedForEncodings = 0;
			knownRegions = (
				en,
				Base,
			);
			mainGroup = 50E7E616244657520092D942;
			productRefGroup = 50E7E620244657520092D942 /* Products */;
			projectDirPath = "";
			projectRoot = "";
			targets = (
				50E7E61E244657520092D942 /* Instafit */,
				50E7E637244657540092D942 /* InstafitTests */,
				50E7E642244657540092D942 /* InstafitUITests */,
			);
		};
/* End PBXProject section */

/* Begin PBXResourcesBuildPhase section */
		50E7E61D244657520092D942 /* Resources */ = {
			isa = PBXResourcesBuildPhase;
			buildActionMask = 2147483647;
			files = (
				50E7E632244657530092D942 /* LaunchScreen.storyboard in Resources */,
				50E7E62F244657530092D942 /* Assets.xcassets in Resources */,
			);
			runOnlyForDeploymentPostprocessing = 0;
		};
		50E7E636244657540092D942 /* Resources */ = {
			isa = PBXResourcesBuildPhase;
			buildActionMask = 2147483647;
			files = (
			);
			runOnlyForDeploymentPostprocessing = 0;
		};
		50E7E641244657540092D942 /* Resources */ = {
			isa = PBXResourcesBuildPhase;
			buildActionMask = 2147483647;
			files = (
			);
			runOnlyForDeploymentPostprocessing = 0;
		};
/* End PBXResourcesBuildPhase section */

/* Begin PBXSourcesBuildPhase section */
		50E7E61B244657520092D942 /* Sources */ = {
			isa = PBXSourcesBuildPhase;
			buildActionMask = 2147483647;
			files = (
				50E7E67E2446B9440092D942 /* LoginConfigurator.swift in Sources */,
				50E7E6612446B7780092D942 /* LoginPresenter.swift in Sources */,
				50E7E623244657520092D942 /* AppDelegate.swift in Sources */,
				50E7E6712446B86C0092D942 /* HomeInteractor.swift in Sources */,
				50E7E66F2446B85A0092D942 /* HomePresenter.swift in Sources */,
				50E7E625244657520092D942 /* SceneDelegate.swift in Sources */,
				50E7E67C2446B8D70092D942 /* ShadowView.swift in Sources */,
				50E7E6802446B9580092D942 /* HomeConfigurator.swift in Sources */,
				50E7E656244657AC0092D942 /* LoginViewController.swift in Sources */,
				50E7E66D2446B8490092D942 /* HomeViewController.swift in Sources */,
				50E7E6732446B87A0092D942 /* HomeRouter.swift in Sources */,
				50E7E6772446B8910092D942 /* HomeWireFrame.swift in Sources */,
				50E7E6792446B8A10092D942 /* HomeDataManager.swift in Sources */,
				50E7E6632446B7830092D942 /* LoginRouter.swift in Sources */,
				50E7E6752446B8840092D942 /* HomeProtocol.swift in Sources */,
				50E7E6822447FB280092D942 /* Utils.swift in Sources */,
				50E7E66B2446B83B0092D942 /* LoginDataManager.swift in Sources */,
				50E7E65A2446A1B30092D942 /* Constants.swift in Sources */,
				50E7E62D244657520092D942 /* Instafit.xcdatamodeld in Sources */,
				50E7E6652446B78E0092D942 /* LoginInteractor.swift in Sources */,
				50E7E658244667F20092D942 /* Extensions.swift in Sources */,
				50E7E6692446B7DB0092D942 /* LoginWireFrame.swift in Sources */,
				506A02BA2448055C0009BD2E /* Loading.swift in Sources */,
				50E7E6672446B7A40092D942 /* LoginProtocol.swift in Sources */,
				506A02BC244816620009BD2E /* AuthManager.swift in Sources */,
			);
			runOnlyForDeploymentPostprocessing = 0;
		};
		50E7E634244657540092D942 /* Sources */ = {
			isa = PBXSourcesBuildPhase;
			buildActionMask = 2147483647;
			files = (
				50E7E63D244657540092D942 /* InstafitTests.swift in Sources */,
			);
			runOnlyForDeploymentPostprocessing = 0;
		};
		50E7E63F244657540092D942 /* Sources */ = {
			isa = PBXSourcesBuildPhase;
			buildActionMask = 2147483647;
			files = (
				50E7E648244657540092D942 /* InstafitUITests.swift in Sources */,
			);
			runOnlyForDeploymentPostprocessing = 0;
		};
/* End PBXSourcesBuildPhase section */

/* Begin PBXTargetDependency section */
		50E7E63A244657540092D942 /* PBXTargetDependency */ = {
			isa = PBXTargetDependency;
			target = 50E7E61E244657520092D942 /* Instafit */;
			targetProxy = 50E7E639244657540092D942 /* PBXContainerItemProxy */;
		};
		50E7E645244657540092D942 /* PBXTargetDependency */ = {
			isa = PBXTargetDependency;
			target = 50E7E61E244657520092D942 /* Instafit */;
			targetProxy = 50E7E644244657540092D942 /* PBXContainerItemProxy */;
		};
/* End PBXTargetDependency section */

/* Begin PBXVariantGroup section */
		50E7E630244657530092D942 /* LaunchScreen.storyboard */ = {
			isa = PBXVariantGroup;
			children = (
				50E7E631244657530092D942 /* Base */,
			);
			name = LaunchScreen.storyboard;
			sourceTree = "<group>";
		};
/* End PBXVariantGroup section */

/* Begin XCBuildConfiguration section */
		50E7E64A244657540092D942 /* Debug */ = {
			isa = XCBuildConfiguration;
			buildSettings = {
				ALWAYS_SEARCH_USER_PATHS = NO;
				CLANG_ANALYZER_NONNULL = YES;
				CLANG_ANALYZER_NUMBER_OBJECT_CONVERSION = YES_AGGRESSIVE;
				CLANG_CXX_LANGUAGE_STANDARD = "gnu++14";
				CLANG_CXX_LIBRARY = "libc++";
				CLANG_ENABLE_MODULES = YES;
				CLANG_ENABLE_OBJC_ARC = YES;
				CLANG_ENABLE_OBJC_WEAK = YES;
				CLANG_WARN_BLOCK_CAPTURE_AUTORELEASING = YES;
				CLANG_WARN_BOOL_CONVERSION = YES;
				CLANG_WARN_COMMA = YES;
				CLANG_WARN_CONSTANT_CONVERSION = YES;
				CLANG_WARN_DEPRECATED_OBJC_IMPLEMENTATIONS = YES;
				CLANG_WARN_DIRECT_OBJC_ISA_USAGE = YES_ERROR;
				CLANG_WARN_DOCUMENTATION_COMMENTS = YES;
				CLANG_WARN_EMPTY_BODY = YES;
				CLANG_WARN_ENUM_CONVERSION = YES;
				CLANG_WARN_INFINITE_RECURSION = YES;
				CLANG_WARN_INT_CONVERSION = YES;
				CLANG_WARN_NON_LITERAL_NULL_CONVERSION = YES;
				CLANG_WARN_OBJC_IMPLICIT_RETAIN_SELF = YES;
				CLANG_WARN_OBJC_LITERAL_CONVERSION = YES;
				CLANG_WARN_OBJC_ROOT_CLASS = YES_ERROR;
				CLANG_WARN_RANGE_LOOP_ANALYSIS = YES;
				CLANG_WARN_STRICT_PROTOTYPES = YES;
				CLANG_WARN_SUSPICIOUS_MOVE = YES;
				CLANG_WARN_UNGUARDED_AVAILABILITY = YES_AGGRESSIVE;
				CLANG_WARN_UNREACHABLE_CODE = YES;
				CLANG_WARN__DUPLICATE_METHOD_MATCH = YES;
				COPY_PHASE_STRIP = NO;
				DEBUG_INFORMATION_FORMAT = dwarf;
				ENABLE_STRICT_OBJC_MSGSEND = YES;
				ENABLE_TESTABILITY = YES;
				GCC_C_LANGUAGE_STANDARD = gnu11;
				GCC_DYNAMIC_NO_PIC = NO;
				GCC_NO_COMMON_BLOCKS = YES;
				GCC_OPTIMIZATION_LEVEL = 0;
				GCC_PREPROCESSOR_DEFINITIONS = (
					"DEBUG=1",
					"$(inherited)",
				);
				GCC_WARN_64_TO_32_BIT_CONVERSION = YES;
				GCC_WARN_ABOUT_RETURN_TYPE = YES_ERROR;
				GCC_WARN_UNDECLARED_SELECTOR = YES;
				GCC_WARN_UNINITIALIZED_AUTOS = YES_AGGRESSIVE;
				GCC_WARN_UNUSED_FUNCTION = YES;
				GCC_WARN_UNUSED_VARIABLE = YES;
				IPHONEOS_DEPLOYMENT_TARGET = 13.4;
				MTL_ENABLE_DEBUG_INFO = INCLUDE_SOURCE;
				MTL_FAST_MATH = YES;
				ONLY_ACTIVE_ARCH = YES;
				SDKROOT = iphoneos;
				SWIFT_ACTIVE_COMPILATION_CONDITIONS = DEBUG;
				SWIFT_OPTIMIZATION_LEVEL = "-Onone";
			};
			name = Debug;
		};
		50E7E64B244657540092D942 /* Release */ = {
			isa = XCBuildConfiguration;
			buildSettings = {
				ALWAYS_SEARCH_USER_PATHS = NO;
				CLANG_ANALYZER_NONNULL = YES;
				CLANG_ANALYZER_NUMBER_OBJECT_CONVERSION = YES_AGGRESSIVE;
				CLANG_CXX_LANGUAGE_STANDARD = "gnu++14";
				CLANG_CXX_LIBRARY = "libc++";
				CLANG_ENABLE_MODULES = YES;
				CLANG_ENABLE_OBJC_ARC = YES;
				CLANG_ENABLE_OBJC_WEAK = YES;
				CLANG_WARN_BLOCK_CAPTURE_AUTORELEASING = YES;
				CLANG_WARN_BOOL_CONVERSION = YES;
				CLANG_WARN_COMMA = YES;
				CLANG_WARN_CONSTANT_CONVERSION = YES;
				CLANG_WARN_DEPRECATED_OBJC_IMPLEMENTATIONS = YES;
				CLANG_WARN_DIRECT_OBJC_ISA_USAGE = YES_ERROR;
				CLANG_WARN_DOCUMENTATION_COMMENTS = YES;
				CLANG_WARN_EMPTY_BODY = YES;
				CLANG_WARN_ENUM_CONVERSION = YES;
				CLANG_WARN_INFINITE_RECURSION = YES;
				CLANG_WARN_INT_CONVERSION = YES;
				CLANG_WARN_NON_LITERAL_NULL_CONVERSION = YES;
				CLANG_WARN_OBJC_IMPLICIT_RETAIN_SELF = YES;
				CLANG_WARN_OBJC_LITERAL_CONVERSION = YES;
				CLANG_WARN_OBJC_ROOT_CLASS = YES_ERROR;
				CLANG_WARN_RANGE_LOOP_ANALYSIS = YES;
				CLANG_WARN_STRICT_PROTOTYPES = YES;
				CLANG_WARN_SUSPICIOUS_MOVE = YES;
				CLANG_WARN_UNGUARDED_AVAILABILITY = YES_AGGRESSIVE;
				CLANG_WARN_UNREACHABLE_CODE = YES;
				CLANG_WARN__DUPLICATE_METHOD_MATCH = YES;
				COPY_PHASE_STRIP = NO;
				DEBUG_INFORMATION_FORMAT = "dwarf-with-dsym";
				ENABLE_NS_ASSERTIONS = NO;
				ENABLE_STRICT_OBJC_MSGSEND = YES;
				GCC_C_LANGUAGE_STANDARD = gnu11;
				GCC_NO_COMMON_BLOCKS = YES;
				GCC_WARN_64_TO_32_BIT_CONVERSION = YES;
				GCC_WARN_ABOUT_RETURN_TYPE = YES_ERROR;
				GCC_WARN_UNDECLARED_SELECTOR = YES;
				GCC_WARN_UNINITIALIZED_AUTOS = YES_AGGRESSIVE;
				GCC_WARN_UNUSED_FUNCTION = YES;
				GCC_WARN_UNUSED_VARIABLE = YES;
				IPHONEOS_DEPLOYMENT_TARGET = 13.4;
				MTL_ENABLE_DEBUG_INFO = NO;
				MTL_FAST_MATH = YES;
				SDKROOT = iphoneos;
				SWIFT_COMPILATION_MODE = wholemodule;
				SWIFT_OPTIMIZATION_LEVEL = "-O";
				VALIDATE_PRODUCT = YES;
			};
			name = Release;
		};
		50E7E64D244657540092D942 /* Debug */ = {
			isa = XCBuildConfiguration;
			buildSettings = {
				ASSETCATALOG_COMPILER_APPICON_NAME = AppIcon;
				CODE_SIGN_STYLE = Automatic;
				DEVELOPMENT_TEAM = 3XJS2JRDPF;
				INFOPLIST_FILE = Instafit/Info.plist;
				LD_RUNPATH_SEARCH_PATHS = (
					"$(inherited)",
					"@executable_path/Frameworks",
				);
				PRODUCT_BUNDLE_IDENTIFIER = com.jcapasix.Instafit;
				PRODUCT_NAME = "$(TARGET_NAME)";
				SWIFT_VERSION = 5.0;
				TARGETED_DEVICE_FAMILY = "1,2";
			};
			name = Debug;
		};
		50E7E64E244657540092D942 /* Release */ = {
			isa = XCBuildConfiguration;
			buildSettings = {
				ASSETCATALOG_COMPILER_APPICON_NAME = AppIcon;
				CODE_SIGN_STYLE = Automatic;
				DEVELOPMENT_TEAM = 3XJS2JRDPF;
				INFOPLIST_FILE = Instafit/Info.plist;
				LD_RUNPATH_SEARCH_PATHS = (
					"$(inherited)",
					"@executable_path/Frameworks",
				);
				PRODUCT_BUNDLE_IDENTIFIER = com.jcapasix.Instafit;
				PRODUCT_NAME = "$(TARGET_NAME)";
				SWIFT_VERSION = 5.0;
				TARGETED_DEVICE_FAMILY = "1,2";
			};
			name = Release;
		};
		50E7E650244657540092D942 /* Debug */ = {
			isa = XCBuildConfiguration;
			buildSettings = {
				ALWAYS_EMBED_SWIFT_STANDARD_LIBRARIES = YES;
				BUNDLE_LOADER = "$(TEST_HOST)";
				CODE_SIGN_STYLE = Automatic;
				INFOPLIST_FILE = InstafitTests/Info.plist;
				IPHONEOS_DEPLOYMENT_TARGET = 13.4;
				LD_RUNPATH_SEARCH_PATHS = (
					"$(inherited)",
					"@executable_path/Frameworks",
					"@loader_path/Frameworks",
				);
				PRODUCT_BUNDLE_IDENTIFIER = com.jcapasix.InstafitTests;
				PRODUCT_NAME = "$(TARGET_NAME)";
				SWIFT_VERSION = 5.0;
				TARGETED_DEVICE_FAMILY = "1,2";
				TEST_HOST = "$(BUILT_PRODUCTS_DIR)/Instafit.app/Instafit";
			};
			name = Debug;
		};
		50E7E651244657540092D942 /* Release */ = {
			isa = XCBuildConfiguration;
			buildSettings = {
				ALWAYS_EMBED_SWIFT_STANDARD_LIBRARIES = YES;
				BUNDLE_LOADER = "$(TEST_HOST)";
				CODE_SIGN_STYLE = Automatic;
				INFOPLIST_FILE = InstafitTests/Info.plist;
				IPHONEOS_DEPLOYMENT_TARGET = 13.4;
				LD_RUNPATH_SEARCH_PATHS = (
					"$(inherited)",
					"@executable_path/Frameworks",
					"@loader_path/Frameworks",
				);
				PRODUCT_BUNDLE_IDENTIFIER = com.jcapasix.InstafitTests;
				PRODUCT_NAME = "$(TARGET_NAME)";
				SWIFT_VERSION = 5.0;
				TARGETED_DEVICE_FAMILY = "1,2";
				TEST_HOST = "$(BUILT_PRODUCTS_DIR)/Instafit.app/Instafit";
			};
			name = Release;
		};
		50E7E653244657540092D942 /* Debug */ = {
			isa = XCBuildConfiguration;
			buildSettings = {
				ALWAYS_EMBED_SWIFT_STANDARD_LIBRARIES = YES;
				CODE_SIGN_STYLE = Automatic;
				INFOPLIST_FILE = InstafitUITests/Info.plist;
				LD_RUNPATH_SEARCH_PATHS = (
					"$(inherited)",
					"@executable_path/Frameworks",
					"@loader_path/Frameworks",
				);
				PRODUCT_BUNDLE_IDENTIFIER = com.jcapasix.InstafitUITests;
				PRODUCT_NAME = "$(TARGET_NAME)";
				SWIFT_VERSION = 5.0;
				TARGETED_DEVICE_FAMILY = "1,2";
				TEST_TARGET_NAME = Instafit;
			};
			name = Debug;
		};
		50E7E654244657540092D942 /* Release */ = {
			isa = XCBuildConfiguration;
			buildSettings = {
				ALWAYS_EMBED_SWIFT_STANDARD_LIBRARIES = YES;
				CODE_SIGN_STYLE = Automatic;
				INFOPLIST_FILE = InstafitUITests/Info.plist;
				LD_RUNPATH_SEARCH_PATHS = (
					"$(inherited)",
					"@executable_path/Frameworks",
					"@loader_path/Frameworks",
				);
				PRODUCT_BUNDLE_IDENTIFIER = com.jcapasix.InstafitUITests;
				PRODUCT_NAME = "$(TARGET_NAME)";
				SWIFT_VERSION = 5.0;
				TARGETED_DEVICE_FAMILY = "1,2";
				TEST_TARGET_NAME = Instafit;
			};
			name = Release;
		};
/* End XCBuildConfiguration section */

/* Begin XCConfigurationList section */
		50E7E61A244657520092D942 /* Build configuration list for PBXProject "Instafit" */ = {
			isa = XCConfigurationList;
			buildConfigurations = (
				50E7E64A244657540092D942 /* Debug */,
				50E7E64B244657540092D942 /* Release */,
			);
			defaultConfigurationIsVisible = 0;
			defaultConfigurationName = Release;
		};
		50E7E64C244657540092D942 /* Build configuration list for PBXNativeTarget "Instafit" */ = {
			isa = XCConfigurationList;
			buildConfigurations = (
				50E7E64D244657540092D942 /* Debug */,
				50E7E64E244657540092D942 /* Release */,
			);
			defaultConfigurationIsVisible = 0;
			defaultConfigurationName = Release;
		};
		50E7E64F244657540092D942 /* Build configuration list for PBXNativeTarget "InstafitTests" */ = {
			isa = XCConfigurationList;
			buildConfigurations = (
				50E7E650244657540092D942 /* Debug */,
				50E7E651244657540092D942 /* Release */,
			);
			defaultConfigurationIsVisible = 0;
			defaultConfigurationName = Release;
		};
		50E7E652244657540092D942 /* Build configuration list for PBXNativeTarget "InstafitUITests" */ = {
			isa = XCConfigurationList;
			buildConfigurations = (
				50E7E653244657540092D942 /* Debug */,
				50E7E654244657540092D942 /* Release */,
			);
			defaultConfigurationIsVisible = 0;
			defaultConfigurationName = Release;
		};
/* End XCConfigurationList section */

/* Begin XCVersionGroup section */
		50E7E62B244657520092D942 /* Instafit.xcdatamodeld */ = {
			isa = XCVersionGroup;
			children = (
				50E7E62C244657520092D942 /* Instafit.xcdatamodel */,
			);
			currentVersion = 50E7E62C244657520092D942 /* Instafit.xcdatamodel */;
			path = Instafit.xcdatamodeld;
			sourceTree = "<group>";
			versionGroupType = wrapper.xcdatamodel;
		};
/* End XCVersionGroup section */
	};
	rootObject = 50E7E617244657520092D942 /* Project object */;
}
